
Microsoft Visual Studio Solution File, Format Version 12.00
# Visual Studio Version 16
VisualStudioVersion = 16.0.29613.14
MinimumVisualStudioVersion = 10.0.40219.1
Project("{FAE04EC0-301F-11D3-BF4B-00C04F79EFBC}") = "MasterMind", "MasterMind\MasterMind.csproj", "{B71A3A94-5610-46FA-8B15-9EF8B6B75043}"
EndProject
Global
	GlobalSection(SolutionConfigurationPlatforms) = preSolution
		Debug|Any CPU = Debug|Any CPU
		Release|Any CPU = Release|Any CPU
	EndGlobalSection
	GlobalSection(ProjectConfigurationPlatforms) = postSolution
		{B71A3A94-5610-46FA-8B15-9EF8B6B75043}.Debug|Any CPU.ActiveCfg = Debug|Any CPU
		{B71A3A94-5610-46FA-8B15-9EF8B6B75043}.Debug|Any CPU.Build.0 = Debug|Any CPU
		{B71A3A94-5610-46FA-8B15-9EF8B6B75043}.Release|Any CPU.ActiveCfg = Release|Any CPU
		{B71A3A94-5610-46FA-8B15-9EF8B6B75043}.Release|Any CPU.Build.0 = Release|Any CPU
	EndGlobalSection
	GlobalSection(SolutionProperties) = preSolution
		HideSolutionNode = FALSE
	EndGlobalSection
	GlobalSection(ExtensibilityGlobals) = postSolution
		SolutionGuid = {46B9D9EA-CEDD-48B8-AEE8-7B97D83B13A9}
	EndGlobalSection
EndGlobal
